{
  "version": "5",
  "specifiers": {
    "jsr:@std/dotenv@~0.225.5": "0.225.5"
  },
  "jsr": {
    "@std/dotenv@0.225.5": {
      "integrity": "9ce6f9d0ec3311f74a32535aa1b8c62ed88b1ab91b7f0815797d77a6f60c922f"
    }
  },
  "workspace": {
    "dependencies": [
      "jsr:@std/dotenv@~0.225.5"
    ]
  }
}
